// !$*UTF8*$!
{
	archiveVersion = 1;
	classes = {
	};
	objectVersion = 55;
	objects = {

/* Begin PBXBuildFile section */
		9C74FBA427021E58003DD4A5 /* AfricaApp.swift in Sources */ = {isa = PBXBuildFile; fileRef = 9C74FBA327021E58003DD4A5 /* AfricaApp.swift */; };
		9C74FBA627021E58003DD4A5 /* ContentView.swift in Sources */ = {isa = PBXBuildFile; fileRef = 9C74FBA527021E58003DD4A5 /* ContentView.swift */; };
		9C74FBA827021E5D003DD4A5 /* Assets.xcassets in Resources */ = {isa = PBXBuildFile; fileRef = 9C74FBA727021E5D003DD4A5 /* Assets.xcassets */; };
		9C74FBAB27021E5D003DD4A5 /* Preview Assets.xcassets in Resources */ = {isa = PBXBuildFile; fileRef = 9C74FBAA27021E5D003DD4A5 /* Preview Assets.xcassets */; };
		9C76185E271D3E630074DAED /* ExternalWeblinkView.swift in Sources */ = {isa = PBXBuildFile; fileRef = 9C76185D271D3E630074DAED /* ExternalWeblinkView.swift */; };
		9C93EAB4271C3A510012902D /* InsetFactView.swift in Sources */ = {isa = PBXBuildFile; fileRef = 9C93EAB3271C3A510012902D /* InsetFactView.swift */; };
		9C93EAB6271C44B70012902D /* InsetMapView.swift in Sources */ = {isa = PBXBuildFile; fileRef = 9C93EAB5271C44B70012902D /* InsetMapView.swift */; };
		9CD65952271444880083FFFE /* hippo.mp4 in Resources */ = {isa = PBXBuildFile; fileRef = 9CD65948271444850083FFFE /* hippo.mp4 */; };
		9CD65953271444880083FFFE /* lioness.mp4 in Resources */ = {isa = PBXBuildFile; fileRef = 9CD65949271444860083FFFE /* lioness.mp4 */; };
		9CD65954271444880083FFFE /* elephant.mp4 in Resources */ = {isa = PBXBuildFile; fileRef = 9CD6594A271444860083FFFE /* elephant.mp4 */; };
		9CD65955271444880083FFFE /* gorilla.mp4 in Resources */ = {isa = PBXBuildFile; fileRef = 9CD6594B271444860083FFFE /* gorilla.mp4 */; };
		9CD65956271444880083FFFE /* cheetah.mp4 in Resources */ = {isa = PBXBuildFile; fileRef = 9CD6594C271444870083FFFE /* cheetah.mp4 */; };
		9CD65957271444880083FFFE /* zebra.mp4 in Resources */ = {isa = PBXBuildFile; fileRef = 9CD6594D271444870083FFFE /* zebra.mp4 */; };
		9CD65958271444880083FFFE /* giraffe.mp4 in Resources */ = {isa = PBXBuildFile; fileRef = 9CD6594E271444870083FFFE /* giraffe.mp4 */; };
		9CD65959271444880083FFFE /* lion.mp4 in Resources */ = {isa = PBXBuildFile; fileRef = 9CD6594F271444880083FFFE /* lion.mp4 */; };
		9CD6595A271444880083FFFE /* ostrich.mp4 in Resources */ = {isa = PBXBuildFile; fileRef = 9CD65950271444880083FFFE /* ostrich.mp4 */; };
		9CD6595B271444880083FFFE /* rhino.mp4 in Resources */ = {isa = PBXBuildFile; fileRef = 9CD65951271444880083FFFE /* rhino.mp4 */; };
		9CD65961271444CD0083FFFE /* covers.json in Resources */ = {isa = PBXBuildFile; fileRef = 9CD6595D271444CD0083FFFE /* covers.json */; };
		9CD65962271444CD0083FFFE /* animals.json in Resources */ = {isa = PBXBuildFile; fileRef = 9CD6595E271444CD0083FFFE /* animals.json */; };
		9CD65963271444CD0083FFFE /* locations.json in Resources */ = {isa = PBXBuildFile; fileRef = 9CD6595F271444CD0083FFFE /* locations.json */; };
		9CD65964271444CD0083FFFE /* videos.json in Resources */ = {isa = PBXBuildFile; fileRef = 9CD65960271444CD0083FFFE /* videos.json */; };
		9CD65968271447E30083FFFE /* VideoListView.swift in Sources */ = {isa = PBXBuildFile; fileRef = 9CD65967271447E20083FFFE /* VideoListView.swift */; };
		9CD6596A271448190083FFFE /* MapView.swift in Sources */ = {isa = PBXBuildFile; fileRef = 9CD65969271448190083FFFE /* MapView.swift */; };
		9CD6596C271448370083FFFE /* GalleryView.swift in Sources */ = {isa = PBXBuildFile; fileRef = 9CD6596B271448370083FFFE /* GalleryView.swift */; };
		9CD6596E2714484F0083FFFE /* MainView.swift in Sources */ = {isa = PBXBuildFile; fileRef = 9CD6596D2714484F0083FFFE /* MainView.swift */; };
		9CD6597127144D980083FFFE /* CoverImageView.swift in Sources */ = {isa = PBXBuildFile; fileRef = 9CD6597027144D980083FFFE /* CoverImageView.swift */; };
		9CD659742714931F0083FFFE /* CoverImageModel.swift in Sources */ = {isa = PBXBuildFile; fileRef = 9CD659732714931F0083FFFE /* CoverImageModel.swift */; };
		9CD65977271494B20083FFFE /* CodableBundleExtension.swift in Sources */ = {isa = PBXBuildFile; fileRef = 9CD65976271494B20083FFFE /* CodableBundleExtension.swift */; };
		9CD65979271546190083FFFE /* AnimalListItemView.swift in Sources */ = {isa = PBXBuildFile; fileRef = 9CD65978271546190083FFFE /* AnimalListItemView.swift */; };
		9CD6597B271549670083FFFE /* AnimalModel.swift in Sources */ = {isa = PBXBuildFile; fileRef = 9CD6597A271549670083FFFE /* AnimalModel.swift */; };
		9CD6597F271553110083FFFE /* AnimalDetailView.swift in Sources */ = {isa = PBXBuildFile; fileRef = 9CD6597E271553110083FFFE /* AnimalDetailView.swift */; };
		9CD659812715575B0083FFFE /* HeadingView.swift in Sources */ = {isa = PBXBuildFile; fileRef = 9CD659802715575B0083FFFE /* HeadingView.swift */; };
		9CD659832715595C0083FFFE /* InsetGalleryView.swift in Sources */ = {isa = PBXBuildFile; fileRef = 9CD659822715595C0083FFFE /* InsetGalleryView.swift */; };
/* End PBXBuildFile section */

/* Begin PBXFileReference section */
		9C74FBA027021E58003DD4A5 /* Africa.app */ = {isa = PBXFileReference; explicitFileType = wrapper.application; includeInIndex = 0; path = Africa.app; sourceTree = BUILT_PRODUCTS_DIR; };
		9C74FBA327021E58003DD4A5 /* AfricaApp.swift */ = {isa = PBXFileReference; lastKnownFileType = sourcecode.swift; path = AfricaApp.swift; sourceTree = "<group>"; };
		9C74FBA527021E58003DD4A5 /* ContentView.swift */ = {isa = PBXFileReference; lastKnownFileType = sourcecode.swift; path = ContentView.swift; sourceTree = "<group>"; };
		9C74FBA727021E5D003DD4A5 /* Assets.xcassets */ = {isa = PBXFileReference; lastKnownFileType = folder.assetcatalog; path = Assets.xcassets; sourceTree = "<group>"; };
		9C74FBAA27021E5D003DD4A5 /* Preview Assets.xcassets */ = {isa = PBXFileReference; lastKnownFileType = folder.assetcatalog; path = "Preview Assets.xcassets"; sourceTree = "<group>"; };
		9C76185D271D3E630074DAED /* ExternalWeblinkView.swift */ = {isa = PBXFileReference; lastKnownFileType = sourcecode.swift; path = ExternalWeblinkView.swift; sourceTree = "<group>"; };
		9C93EAB3271C3A510012902D /* InsetFactView.swift */ = {isa = PBXFileReference; lastKnownFileType = sourcecode.swift; path = InsetFactView.swift; sourceTree = "<group>"; };
		9C93EAB5271C44B70012902D /* InsetMapView.swift */ = {isa = PBXFileReference; lastKnownFileType = sourcecode.swift; path = InsetMapView.swift; sourceTree = "<group>"; };
		9CD65948271444850083FFFE /* hippo.mp4 */ = {isa = PBXFileReference; lastKnownFileType = file; path = hippo.mp4; sourceTree = "<group>"; };
		9CD65949271444860083FFFE /* lioness.mp4 */ = {isa = PBXFileReference; lastKnownFileType = file; path = lioness.mp4; sourceTree = "<group>"; };
		9CD6594A271444860083FFFE /* elephant.mp4 */ = {isa = PBXFileReference; lastKnownFileType = file; path = elephant.mp4; sourceTree = "<group>"; };
		9CD6594B271444860083FFFE /* gorilla.mp4 */ = {isa = PBXFileReference; lastKnownFileType = file; path = gorilla.mp4; sourceTree = "<group>"; };
		9CD6594C271444870083FFFE /* cheetah.mp4 */ = {isa = PBXFileReference; lastKnownFileType = file; path = cheetah.mp4; sourceTree = "<group>"; };
		9CD6594D271444870083FFFE /* zebra.mp4 */ = {isa = PBXFileReference; lastKnownFileType = file; path = zebra.mp4; sourceTree = "<group>"; };
		9CD6594E271444870083FFFE /* giraffe.mp4 */ = {isa = PBXFileReference; lastKnownFileType = file; path = giraffe.mp4; sourceTree = "<group>"; };
		9CD6594F271444880083FFFE /* lion.mp4 */ = {isa = PBXFileReference; lastKnownFileType = file; path = lion.mp4; sourceTree = "<group>"; };
		9CD65950271444880083FFFE /* ostrich.mp4 */ = {isa = PBXFileReference; lastKnownFileType = file; path = ostrich.mp4; sourceTree = "<group>"; };
		9CD65951271444880083FFFE /* rhino.mp4 */ = {isa = PBXFileReference; lastKnownFileType = file; path = rhino.mp4; sourceTree = "<group>"; };
		9CD6595D271444CD0083FFFE /* covers.json */ = {isa = PBXFileReference; fileEncoding = 4; lastKnownFileType = text.json; path = covers.json; sourceTree = "<group>"; };
		9CD6595E271444CD0083FFFE /* animals.json */ = {isa = PBXFileReference; fileEncoding = 4; lastKnownFileType = text.json; path = animals.json; sourceTree = "<group>"; };
		9CD6595F271444CD0083FFFE /* locations.json */ = {isa = PBXFileReference; fileEncoding = 4; lastKnownFileType = text.json; path = locations.json; sourceTree = "<group>"; };
		9CD65960271444CD0083FFFE /* videos.json */ = {isa = PBXFileReference; fileEncoding = 4; lastKnownFileType = text.json; path = videos.json; sourceTree = "<group>"; };
		9CD659652714463A0083FFFE /* Info.plist */ = {isa = PBXFileReference; lastKnownFileType = text.plist; path = Info.plist; sourceTree = "<group>"; };
		9CD65967271447E20083FFFE /* VideoListView.swift */ = {isa = PBXFileReference; lastKnownFileType = sourcecode.swift; path = VideoListView.swift; sourceTree = "<group>"; };
		9CD65969271448190083FFFE /* MapView.swift */ = {isa = PBXFileReference; lastKnownFileType = sourcecode.swift; path = MapView.swift; sourceTree = "<group>"; };
		9CD6596B271448370083FFFE /* GalleryView.swift */ = {isa = PBXFileReference; lastKnownFileType = sourcecode.swift; path = GalleryView.swift; sourceTree = "<group>"; };
		9CD6596D2714484F0083FFFE /* MainView.swift */ = {isa = PBXFileReference; lastKnownFileType = sourcecode.swift; path = MainView.swift; sourceTree = "<group>"; };
		9CD6597027144D980083FFFE /* CoverImageView.swift */ = {isa = PBXFileReference; lastKnownFileType = sourcecode.swift; path = CoverImageView.swift; sourceTree = "<group>"; };
		9CD659732714931F0083FFFE /* CoverImageModel.swift */ = {isa = PBXFileReference; lastKnownFileType = sourcecode.swift; path = CoverImageModel.swift; sourceTree = "<group>"; };
		9CD65976271494B20083FFFE /* CodableBundleExtension.swift */ = {isa = PBXFileReference; lastKnownFileType = sourcecode.swift; path = CodableBundleExtension.swift; sourceTree = "<group>"; };
		9CD65978271546190083FFFE /* AnimalListItemView.swift */ = {isa = PBXFileReference; lastKnownFileType = sourcecode.swift; path = AnimalListItemView.swift; sourceTree = "<group>"; };
		9CD6597A271549670083FFFE /* AnimalModel.swift */ = {isa = PBXFileReference; lastKnownFileType = sourcecode.swift; path = AnimalModel.swift; sourceTree = "<group>"; };
		9CD6597E271553110083FFFE /* AnimalDetailView.swift */ = {isa = PBXFileReference; lastKnownFileType = sourcecode.swift; path = AnimalDetailView.swift; sourceTree = "<group>"; };
		9CD659802715575B0083FFFE /* HeadingView.swift */ = {isa = PBXFileReference; lastKnownFileType = sourcecode.swift; path = HeadingView.swift; sourceTree = "<group>"; };
		9CD659822715595C0083FFFE /* InsetGalleryView.swift */ = {isa = PBXFileReference; lastKnownFileType = sourcecode.swift; path = InsetGalleryView.swift; sourceTree = "<group>"; };
/* End PBXFileReference section */

/* Begin PBXFrameworksBuildPhase section */
		9C74FB9D27021E58003DD4A5 /* Frameworks */ = {
			isa = PBXFrameworksBuildPhase;
			buildActionMask = 2147483647;
			files = (
			);
			runOnlyForDeploymentPostprocessing = 0;
		};
/* End PBXFrameworksBuildPhase section */

/* Begin PBXGroup section */
		9C74FB9727021E58003DD4A5 = {
			isa = PBXGroup;
			children = (
				9C74FBA227021E58003DD4A5 /* Africa */,
				9C74FBA127021E58003DD4A5 /* Products */,
			);
			sourceTree = "<group>";
		};
		9C74FBA127021E58003DD4A5 /* Products */ = {
			isa = PBXGroup;
			children = (
				9C74FBA027021E58003DD4A5 /* Africa.app */,
			);
			name = Products;
			sourceTree = "<group>";
		};
		9C74FBA227021E58003DD4A5 /* Africa */ = {
			isa = PBXGroup;
			children = (
				9CD65975271494810083FFFE /* Extension */,
				9CD65972271492FB0083FFFE /* Model */,
				9CD6596F27144D7A0083FFFE /* View */,
				9CD659652714463A0083FFFE /* Info.plist */,
				9CD6595C271444A20083FFFE /* Data */,
				9CD65947271443FA0083FFFE /* Video */,
				9CD65966271447280083FFFE /* App */,
				9C74FBA727021E5D003DD4A5 /* Assets.xcassets */,
				9C74FBA927021E5D003DD4A5 /* Preview Content */,
			);
			path = Africa;
			sourceTree = "<group>";
		};
		9C74FBA927021E5D003DD4A5 /* Preview Content */ = {
			isa = PBXGroup;
			children = (
				9C74FBAA27021E5D003DD4A5 /* Preview Assets.xcassets */,
			);
			path = "Preview Content";
			sourceTree = "<group>";
		};
		9CD65947271443FA0083FFFE /* Video */ = {
			isa = PBXGroup;
			children = (
				9CD6594C271444870083FFFE /* cheetah.mp4 */,
				9CD6594A271444860083FFFE /* elephant.mp4 */,
				9CD6594E271444870083FFFE /* giraffe.mp4 */,
				9CD6594B271444860083FFFE /* gorilla.mp4 */,
				9CD65948271444850083FFFE /* hippo.mp4 */,
				9CD6594F271444880083FFFE /* lion.mp4 */,
				9CD65949271444860083FFFE /* lioness.mp4 */,
				9CD65950271444880083FFFE /* ostrich.mp4 */,
				9CD65951271444880083FFFE /* rhino.mp4 */,
				9CD6594D271444870083FFFE /* zebra.mp4 */,
			);
			path = Video;
			sourceTree = "<group>";
		};
		9CD6595C271444A20083FFFE /* Data */ = {
			isa = PBXGroup;
			children = (
				9CD6595E271444CD0083FFFE /* animals.json */,
				9CD6595D271444CD0083FFFE /* covers.json */,
				9CD6595F271444CD0083FFFE /* locations.json */,
				9CD65960271444CD0083FFFE /* videos.json */,
			);
			path = Data;
			sourceTree = "<group>";
		};
		9CD65966271447280083FFFE /* App */ = {
			isa = PBXGroup;
			children = (
				9C74FBA327021E58003DD4A5 /* AfricaApp.swift */,
				9C74FBA527021E58003DD4A5 /* ContentView.swift */,
				9CD65967271447E20083FFFE /* VideoListView.swift */,
				9CD65969271448190083FFFE /* MapView.swift */,
				9CD6596B271448370083FFFE /* GalleryView.swift */,
				9CD6596D2714484F0083FFFE /* MainView.swift */,
			);
			path = App;
			sourceTree = "<group>";
		};
		9CD6596F27144D7A0083FFFE /* View */ = {
			isa = PBXGroup;
			children = (
				9CD6597027144D980083FFFE /* CoverImageView.swift */,
				9CD65978271546190083FFFE /* AnimalListItemView.swift */,
				9CD6597E271553110083FFFE /* AnimalDetailView.swift */,
				9CD659802715575B0083FFFE /* HeadingView.swift */,
				9CD659822715595C0083FFFE /* InsetGalleryView.swift */,
				9C93EAB3271C3A510012902D /* InsetFactView.swift */,
				9C93EAB5271C44B70012902D /* InsetMapView.swift */,
				9C76185D271D3E630074DAED /* ExternalWeblinkView.swift */,
			);
			path = View;
			sourceTree = "<group>";
		};
		9CD65972271492FB0083FFFE /* Model */ = {
			isa = PBXGroup;
			children = (
				9CD659732714931F0083FFFE /* CoverImageModel.swift */,
				9CD6597A271549670083FFFE /* AnimalModel.swift */,
			);
			path = Model;
			sourceTree = "<group>";
		};
		9CD65975271494810083FFFE /* Extension */ = {
			isa = PBXGroup;
			children = (
				9CD65976271494B20083FFFE /* CodableBundleExtension.swift */,
			);
			path = Extension;
			sourceTree = "<group>";
		};
/* End PBXGroup section */

/* Begin PBXNativeTarget section */
		9C74FB9F27021E58003DD4A5 /* Africa */ = {
			isa = PBXNativeTarget;
			buildConfigurationList = 9C74FBAE27021E5D003DD4A5 /* Build configuration list for PBXNativeTarget "Africa" */;
			buildPhases = (
				9C74FB9C27021E58003DD4A5 /* Sources */,
				9C74FB9D27021E58003DD4A5 /* Frameworks */,
				9C74FB9E27021E58003DD4A5 /* Resources */,
			);
			buildRules = (
			);
			dependencies = (
			);
			name = Africa;
			productName = Africa;
			productReference = 9C74FBA027021E58003DD4A5 /* Africa.app */;
			productType = "com.apple.product-type.application";
		};
/* End PBXNativeTarget section */

/* Begin PBXProject section */
		9C74FB9827021E58003DD4A5 /* Project object */ = {
			isa = PBXProject;
			attributes = {
				BuildIndependentTargetsInParallel = 1;
				LastSwiftUpdateCheck = 1300;
				LastUpgradeCheck = 1300;
				TargetAttributes = {
					9C74FB9F27021E58003DD4A5 = {
						CreatedOnToolsVersion = 13.0;
					};
				};
			};
			buildConfigurationList = 9C74FB9B27021E58003DD4A5 /* Build configuration list for PBXProject "Africa" */;
			compatibilityVersion = "Xcode 13.0";
			developmentRegion = en;
			hasScannedForEncodings = 0;
			knownRegions = (
				en,
				Base,
			);
			mainGroup = 9C74FB9727021E58003DD4A5;
			productRefGroup = 9C74FBA127021E58003DD4A5 /* Products */;
			projectDirPath = "";
			projectRoot = "";
			targets = (
				9C74FB9F27021E58003DD4A5 /* Africa */,
			);
		};
/* End PBXProject section */

/* Begin PBXResourcesBuildPhase section */
		9C74FB9E27021E58003DD4A5 /* Resources */ = {
			isa = PBXResourcesBuildPhase;
			buildActionMask = 2147483647;
			files = (
				9CD65961271444CD0083FFFE /* covers.json in Resources */,
				9CD6595B271444880083FFFE /* rhino.mp4 in Resources */,
				9C74FBAB27021E5D003DD4A5 /* Preview Assets.xcassets in Resources */,
				9CD65952271444880083FFFE /* hippo.mp4 in Resources */,
				9C74FBA827021E5D003DD4A5 /* Assets.xcassets in Resources */,
				9CD65959271444880083FFFE /* lion.mp4 in Resources */,
				9CD65954271444880083FFFE /* elephant.mp4 in Resources */,
				9CD65963271444CD0083FFFE /* locations.json in Resources */,
				9CD65962271444CD0083FFFE /* animals.json in Resources */,
				9CD65957271444880083FFFE /* zebra.mp4 in Resources */,
				9CD65955271444880083FFFE /* gorilla.mp4 in Resources */,
				9CD65953271444880083FFFE /* lioness.mp4 in Resources */,
				9CD65956271444880083FFFE /* cheetah.mp4 in Resources */,
				9CD65964271444CD0083FFFE /* videos.json in Resources */,
				9CD65958271444880083FFFE /* giraffe.mp4 in Resources */,
				9CD6595A271444880083FFFE /* ostrich.mp4 in Resources */,
			);
			runOnlyForDeploymentPostprocessing = 0;
		};
/* End PBXResourcesBuildPhase section */

/* Begin PBXSourcesBuildPhase section */
		9C74FB9C27021E58003DD4A5 /* Sources */ = {
			isa = PBXSourcesBuildPhase;
			buildActionMask = 2147483647;
			files = (
				9C76185E271D3E630074DAED /* ExternalWeblinkView.swift in Sources */,
				9C74FBA627021E58003DD4A5 /* ContentView.swift in Sources */,
				9CD65979271546190083FFFE /* AnimalListItemView.swift in Sources */,
				9CD6597F271553110083FFFE /* AnimalDetailView.swift in Sources */,
				9C93EAB4271C3A510012902D /* InsetFactView.swift in Sources */,
				9CD6596E2714484F0083FFFE /* MainView.swift in Sources */,
				9CD6597127144D980083FFFE /* CoverImageView.swift in Sources */,
				9CD659742714931F0083FFFE /* CoverImageModel.swift in Sources */,
				9CD6597B271549670083FFFE /* AnimalModel.swift in Sources */,
				9CD6596A271448190083FFFE /* MapView.swift in Sources */,
				9C93EAB6271C44B70012902D /* InsetMapView.swift in Sources */,
				9C74FBA427021E58003DD4A5 /* AfricaApp.swift in Sources */,
				9CD65968271447E30083FFFE /* VideoListView.swift in Sources */,
				9CD6596C271448370083FFFE /* GalleryView.swift in Sources */,
				9CD659832715595C0083FFFE /* InsetGalleryView.swift in Sources */,
				9CD65977271494B20083FFFE /* CodableBundleExtension.swift in Sources */,
				9CD659812715575B0083FFFE /* HeadingView.swift in Sources */,
			);
			runOnlyForDeploymentPostprocessing = 0;
		};
/* End PBXSourcesBuildPhase section */

/* Begin XCBuildConfiguration section */
		9C74FBAC27021E5D003DD4A5 /* Debug */ = {
			isa = XCBuildConfiguration;
			buildSettings = {
				ALWAYS_SEARCH_USER_PATHS = NO;
				CLANG_ANALYZER_NONNULL = YES;
				CLANG_ANALYZER_NUMBER_OBJECT_CONVERSION = YES_AGGRESSIVE;
				CLANG_CXX_LANGUAGE_STANDARD = "gnu++17";
				CLANG_CXX_LIBRARY = "libc++";
				CLANG_ENABLE_MODULES = YES;
				CLANG_ENABLE_OBJC_ARC = YES;
				CLANG_ENABLE_OBJC_WEAK = YES;
				CLANG_WARN_BLOCK_CAPTURE_AUTORELEASING = YES;
				CLANG_WARN_BOOL_CONVERSION = YES;
				CLANG_WARN_COMMA = YES;
				CLANG_WARN_CONSTANT_CONVERSION = YES;
				CLANG_WARN_DEPRECATED_OBJC_IMPLEMENTATIONS = YES;
				CLANG_WARN_DIRECT_OBJC_ISA_USAGE = YES_ERROR;
				CLANG_WARN_DOCUMENTATION_COMMENTS = YES;
				CLANG_WARN_EMPTY_BODY = YES;
				CLANG_WARN_ENUM_CONVERSION = YES;
				CLANG_WARN_INFINITE_RECURSION = YES;
				CLANG_WARN_INT_CONVERSION = YES;
				CLANG_WARN_NON_LITERAL_NULL_CONVERSION = YES;
				CLANG_WARN_OBJC_IMPLICIT_RETAIN_SELF = YES;
				CLANG_WARN_OBJC_LITERAL_CONVERSION = YES;
				CLANG_WARN_OBJC_ROOT_CLASS = YES_ERROR;
				CLANG_WARN_QUOTED_INCLUDE_IN_FRAMEWORK_HEADER = YES;
				CLANG_WARN_RANGE_LOOP_ANALYSIS = YES;
				CLANG_WARN_STRICT_PROTOTYPES = YES;
				CLANG_WARN_SUSPICIOUS_MOVE = YES;
				CLANG_WARN_UNGUARDED_AVAILABILITY = YES_AGGRESSIVE;
				CLANG_WARN_UNREACHABLE_CODE = YES;
				CLANG_WARN__DUPLICATE_METHOD_MATCH = YES;
				COPY_PHASE_STRIP = NO;
				DEBUG_INFORMATION_FORMAT = dwarf;
				ENABLE_STRICT_OBJC_MSGSEND = YES;
				ENABLE_TESTABILITY = YES;
				GCC_C_LANGUAGE_STANDARD = gnu11;
				GCC_DYNAMIC_NO_PIC = NO;
				GCC_NO_COMMON_BLOCKS = YES;
				GCC_OPTIMIZATION_LEVEL = 0;
				GCC_PREPROCESSOR_DEFINITIONS = (
					"DEBUG=1",
					"$(inherited)",
				);
				GCC_WARN_64_TO_32_BIT_CONVERSION = YES;
				GCC_WARN_ABOUT_RETURN_TYPE = YES_ERROR;
				GCC_WARN_UNDECLARED_SELECTOR = YES;
				GCC_WARN_UNINITIALIZED_AUTOS = YES_AGGRESSIVE;
				GCC_WARN_UNUSED_FUNCTION = YES;
				GCC_WARN_UNUSED_VARIABLE = YES;
				IPHONEOS_DEPLOYMENT_TARGET = 15.0;
				MTL_ENABLE_DEBUG_INFO = INCLUDE_SOURCE;
				MTL_FAST_MATH = YES;
				ONLY_ACTIVE_ARCH = YES;
				SDKROOT = iphoneos;
				SWIFT_ACTIVE_COMPILATION_CONDITIONS = DEBUG;
				SWIFT_OPTIMIZATION_LEVEL = "-Onone";
			};
			name = Debug;
		};
		9C74FBAD27021E5D003DD4A5 /* Release */ = {
			isa = XCBuildConfiguration;
			buildSettings = {
				ALWAYS_SEARCH_USER_PATHS = NO;
				CLANG_ANALYZER_NONNULL = YES;
				CLANG_ANALYZER_NUMBER_OBJECT_CONVERSION = YES_AGGRESSIVE;
				CLANG_CXX_LANGUAGE_STANDARD = "gnu++17";
				CLANG_CXX_LIBRARY = "libc++";
				CLANG_ENABLE_MODULES = YES;
				CLANG_ENABLE_OBJC_ARC = YES;
				CLANG_ENABLE_OBJC_WEAK = YES;
				CLANG_WARN_BLOCK_CAPTURE_AUTORELEASING = YES;
				CLANG_WARN_BOOL_CONVERSION = YES;
				CLANG_WARN_COMMA = YES;
				CLANG_WARN_CONSTANT_CONVERSION = YES;
				CLANG_WARN_DEPRECATED_OBJC_IMPLEMENTATIONS = YES;
				CLANG_WARN_DIRECT_OBJC_ISA_USAGE = YES_ERROR;
				CLANG_WARN_DOCUMENTATION_COMMENTS = YES;
				CLANG_WARN_EMPTY_BODY = YES;
				CLANG_WARN_ENUM_CONVERSION = YES;
				CLANG_WARN_INFINITE_RECURSION = YES;
				CLANG_WARN_INT_CONVERSION = YES;
				CLANG_WARN_NON_LITERAL_NULL_CONVERSION = YES;
				CLANG_WARN_OBJC_IMPLICIT_RETAIN_SELF = YES;
				CLANG_WARN_OBJC_LITERAL_CONVERSION = YES;
				CLANG_WARN_OBJC_ROOT_CLASS = YES_ERROR;
				CLANG_WARN_QUOTED_INCLUDE_IN_FRAMEWORK_HEADER = YES;
				CLANG_WARN_RANGE_LOOP_ANALYSIS = YES;
				CLANG_WARN_STRICT_PROTOTYPES = YES;
				CLANG_WARN_SUSPICIOUS_MOVE = YES;
				CLANG_WARN_UNGUARDED_AVAILABILITY = YES_AGGRESSIVE;
				CLANG_WARN_UNREACHABLE_CODE = YES;
				CLANG_WARN__DUPLICATE_METHOD_MATCH = YES;
				COPY_PHASE_STRIP = NO;
				DEBUG_INFORMATION_FORMAT = "dwarf-with-dsym";
				ENABLE_NS_ASSERTIONS = NO;
				ENABLE_STRICT_OBJC_MSGSEND = YES;
				GCC_C_LANGUAGE_STANDARD = gnu11;
				GCC_NO_COMMON_BLOCKS = YES;
				GCC_WARN_64_TO_32_BIT_CONVERSION = YES;
				GCC_WARN_ABOUT_RETURN_TYPE = YES_ERROR;
				GCC_WARN_UNDECLARED_SELECTOR = YES;
				GCC_WARN_UNINITIALIZED_AUTOS = YES_AGGRESSIVE;
				GCC_WARN_UNUSED_FUNCTION = YES;
				GCC_WARN_UNUSED_VARIABLE = YES;
				IPHONEOS_DEPLOYMENT_TARGET = 15.0;
				MTL_ENABLE_DEBUG_INFO = NO;
				MTL_FAST_MATH = YES;
				SDKROOT = iphoneos;
				SWIFT_COMPILATION_MODE = wholemodule;
				SWIFT_OPTIMIZATION_LEVEL = "-O";
				VALIDATE_PRODUCT = YES;
			};
			name = Release;
		};
		9C74FBAF27021E5D003DD4A5 /* Debug */ = {
			isa = XCBuildConfiguration;
			buildSettings = {
				ASSETCATALOG_COMPILER_APPICON_NAME = AppIcon;
				ASSETCATALOG_COMPILER_GLOBAL_ACCENT_COLOR_NAME = AccentColor;
				CODE_SIGN_STYLE = Automatic;
				CURRENT_PROJECT_VERSION = 1;
				DEVELOPMENT_ASSET_PATHS = "\"Africa/Preview Content\"";
				DEVELOPMENT_TEAM = P4NM2R4T55;
				ENABLE_PREVIEWS = YES;
				GENERATE_INFOPLIST_FILE = YES;
				INFOPLIST_FILE = Africa/Info.plist;
				INFOPLIST_KEY_UIApplicationSceneManifest_Generation = YES;
				INFOPLIST_KEY_UIApplicationSupportsIndirectInputEvents = YES;
				INFOPLIST_KEY_UISupportedInterfaceOrientations_iPad = "UIInterfaceOrientationPortrait UIInterfaceOrientationPortraitUpsideDown UIInterfaceOrientationLandscapeLeft UIInterfaceOrientationLandscapeRight";
				INFOPLIST_KEY_UISupportedInterfaceOrientations_iPhone = "UIInterfaceOrientationPortrait UIInterfaceOrientationLandscapeLeft UIInterfaceOrientationLandscapeRight";
				INFOPLIST_KEY_UIUserInterfaceStyle = Dark;
				IPHONEOS_DEPLOYMENT_TARGET = 14.0;
				LD_RUNPATH_SEARCH_PATHS = (
					"$(inherited)",
					"@executable_path/Frameworks",
				);
				MARKETING_VERSION = 1.0;
				PRODUCT_BUNDLE_IDENTIFIER = com.krysxin.Africa;
				PRODUCT_NAME = "$(TARGET_NAME)";
				SWIFT_EMIT_LOC_STRINGS = YES;
				SWIFT_VERSION = 5.0;
				TARGETED_DEVICE_FAMILY = "1,2";
			};
			name = Debug;
		};
		9C74FBB027021E5D003DD4A5 /* Release */ = {
			isa = XCBuildConfiguration;
			buildSettings = {
				ASSETCATALOG_COMPILER_APPICON_NAME = AppIcon;
				ASSETCATALOG_COMPILER_GLOBAL_ACCENT_COLOR_NAME = AccentColor;
				CODE_SIGN_STYLE = Automatic;
				CURRENT_PROJECT_VERSION = 1;
				DEVELOPMENT_ASSET_PATHS = "\"Africa/Preview Content\"";
				DEVELOPMENT_TEAM = P4NM2R4T55;
				ENABLE_PREVIEWS = YES;
				GENERATE_INFOPLIST_FILE = YES;
				INFOPLIST_FILE = Africa/Info.plist;
				INFOPLIST_KEY_UIApplicationSceneManifest_Generation = YES;
				INFOPLIST_KEY_UIApplicationSupportsIndirectInputEvents = YES;
				INFOPLIST_KEY_UISupportedInterfaceOrientations_iPad = "UIInterfaceOrientationPortrait UIInterfaceOrientationPortraitUpsideDown UIInterfaceOrientationLandscapeLeft UIInterfaceOrientationLandscapeRight";
				INFOPLIST_KEY_UISupportedInterfaceOrientations_iPhone = "UIInterfaceOrientationPortrait UIInterfaceOrientationLandscapeLeft UIInterfaceOrientationLandscapeRight";
				INFOPLIST_KEY_UIUserInterfaceStyle = Dark;
				IPHONEOS_DEPLOYMENT_TARGET = 14.0;
				LD_RUNPATH_SEARCH_PATHS = (
					"$(inherited)",
					"@executable_path/Frameworks",
				);
				MARKETING_VERSION = 1.0;
				PRODUCT_BUNDLE_IDENTIFIER = com.krysxin.Africa;
				PRODUCT_NAME = "$(TARGET_NAME)";
				SWIFT_EMIT_LOC_STRINGS = YES;
				SWIFT_VERSION = 5.0;
				TARGETED_DEVICE_FAMILY = "1,2";
			};
			name = Release;
		};
/* End XCBuildConfiguration section */

/* Begin XCConfigurationList section */
		9C74FB9B27021E58003DD4A5 /* Build configuration list for PBXProject "Africa" */ = {
			isa = XCConfigurationList;
			buildConfigurations = (
				9C74FBAC27021E5D003DD4A5 /* Debug */,
				9C74FBAD27021E5D003DD4A5 /* Release */,
			);
			defaultConfigurationIsVisible = 0;
			defaultConfigurationName = Release;
		};
		9C74FBAE27021E5D003DD4A5 /* Build configuration list for PBXNativeTarget "Africa" */ = {
			isa = XCConfigurationList;
			buildConfigurations = (
				9C74FBAF27021E5D003DD4A5 /* Debug */,
				9C74FBB027021E5D003DD4A5 /* Release */,
			);
			defaultConfigurationIsVisible = 0;
			defaultConfigurationName = Release;
		};
/* End XCConfigurationList section */
	};
	rootObject = 9C74FB9827021E58003DD4A5 /* Project object */;
}
